version: 1.0
shards:
  crog:
    github: rishavs/crog
    commit: 468dda8417c51f809a5cb4f0c530bd52c5bfe4b4

  db:
    github: crystal-lang/crystal-db
    version: 0.5.0

  dotenv:
    github: gdotdesign/cr-dotenv
    version: 0.1.0

  granite:
    github: amberframework/granite
    version: 0.13.1

  jwt:
    github: crystal-community/jwt
    version: 0.3.0

  pg:
    github: will/crystal-pg
    version: 0.15.0

